// !$*UTF8*$!
{
	archiveVersion = 1;
	classes = {
	};
	objectVersion = 55;
	objects = {

/* Begin PBXBuildFile section */
		40C60CBE2892366300120C59 /* TabacoKit.docc in Sources */ = {isa = PBXBuildFile; fileRef = 40C60CBD2892366300120C59 /* TabacoKit.docc */; };
		40C60CBF2892366300120C59 /* TabacoKit.h in Headers */ = {isa = PBXBuildFile; fileRef = 40C60CBC2892366300120C59 /* TabacoKit.h */; settings = {ATTRIBUTES = (Public, ); }; };
		40C60D3C2892970500120C59 /* TBCFileCombines.h in Headers */ = {isa = PBXBuildFile; fileRef = 40C60D3B2892970500120C59 /* TBCFileCombines.h */; };
		40C60D732892971000120C59 /* UITableView+SectionPath.h in Headers */ = {isa = PBXBuildFile; fileRef = 40C60D3E2892971000120C59 /* UITableView+SectionPath.h */; };
		40C60D742892971000120C59 /* UITextView+InputEmoji.m in Sources */ = {isa = PBXBuildFile; fileRef = 40C60D3F2892971000120C59 /* UITextView+InputEmoji.m */; };
		40C60D752892971000120C59 /* UIButton+CountDown.m in Sources */ = {isa = PBXBuildFile; fileRef = 40C60D402892971000120C59 /* UIButton+CountDown.m */; };
		40C60D762892971000120C59 /* UIColor+HexColor.m in Sources */ = {isa = PBXBuildFile; fileRef = 40C60D412892971000120C59 /* UIColor+HexColor.m */; };
		40C60D772892971000120C59 /* UIImage+Color.h in Headers */ = {isa = PBXBuildFile; fileRef = 40C60D422892971000120C59 /* UIImage+Color.h */; };
		40C60D782892971000120C59 /* NSObject+Alert.h in Headers */ = {isa = PBXBuildFile; fileRef = 40C60D432892971000120C59 /* NSObject+Alert.h */; };
		40C60D792892971000120C59 /* UILabel+LabelTool.m in Sources */ = {isa = PBXBuildFile; fileRef = 40C60D442892971000120C59 /* UILabel+LabelTool.m */; };
		40C60D7A2892971000120C59 /* UIViewController+Cate.m in Sources */ = {isa = PBXBuildFile; fileRef = 40C60D452892971000120C59 /* UIViewController+Cate.m */; };
		40C60D7B2892971000120C59 /* NSData+PCM.h in Headers */ = {isa = PBXBuildFile; fileRef = 40C60D462892971000120C59 /* NSData+PCM.h */; };
		40C60D7C2892971000120C59 /* NSString+StringTool.m in Sources */ = {isa = PBXBuildFile; fileRef = 40C60D472892971000120C59 /* NSString+StringTool.m */; };
		40C60D7D2892971000120C59 /* UIView+Shadow.m in Sources */ = {isa = PBXBuildFile; fileRef = 40C60D482892971000120C59 /* UIView+Shadow.m */; };
		40C60D7E2892971000120C59 /* UICollectionView+CollTool.m in Sources */ = {isa = PBXBuildFile; fileRef = 40C60D492892971000120C59 /* UICollectionView+CollTool.m */; };
		40C60D7F2892971000120C59 /* UITextView+InputEmoji.h in Headers */ = {isa = PBXBuildFile; fileRef = 40C60D4A2892971000120C59 /* UITextView+InputEmoji.h */; };
		40C60D802892971000120C59 /* UITableView+SectionPath.m in Sources */ = {isa = PBXBuildFile; fileRef = 40C60D4B2892971000120C59 /* UITableView+SectionPath.m */; };
		40C60D812892971000120C59 /* UIButton+CountDown.h in Headers */ = {isa = PBXBuildFile; fileRef = 40C60D4C2892971000120C59 /* UIButton+CountDown.h */; };
		40C60D822892971000120C59 /* NSData+PCM.m in Sources */ = {isa = PBXBuildFile; fileRef = 40C60D4D2892971000120C59 /* NSData+PCM.m */; };
		40C60D832892971000120C59 /* UIViewController+Cate.h in Headers */ = {isa = PBXBuildFile; fileRef = 40C60D4E2892971000120C59 /* UIViewController+Cate.h */; };
		40C60D842892971000120C59 /* UILabel+LabelTool.h in Headers */ = {isa = PBXBuildFile; fileRef = 40C60D4F2892971000120C59 /* UILabel+LabelTool.h */; };
		40C60D852892971000120C59 /* NSObject+Alert.m in Sources */ = {isa = PBXBuildFile; fileRef = 40C60D502892971000120C59 /* NSObject+Alert.m */; };
		40C60D862892971000120C59 /* UIImage+Color.m in Sources */ = {isa = PBXBuildFile; fileRef = 40C60D512892971000120C59 /* UIImage+Color.m */; };
		40C60D872892971000120C59 /* UIColor+HexColor.h in Headers */ = {isa = PBXBuildFile; fileRef = 40C60D522892971000120C59 /* UIColor+HexColor.h */; };
		40C60D882892971000120C59 /* UICollectionView+CollTool.h in Headers */ = {isa = PBXBuildFile; fileRef = 40C60D532892971000120C59 /* UICollectionView+CollTool.h */; };
		40C60D892892971000120C59 /* NSString+StringTool.h in Headers */ = {isa = PBXBuildFile; fileRef = 40C60D542892971000120C59 /* NSString+StringTool.h */; };
		40C60D8A2892971000120C59 /* UIView+Shadow.h in Headers */ = {isa = PBXBuildFile; fileRef = 40C60D552892971000120C59 /* UIView+Shadow.h */; };
		40C60D8B2892971000120C59 /* MBTimerSchedules.h in Headers */ = {isa = PBXBuildFile; fileRef = 40C60D572892971000120C59 /* MBTimerSchedules.h */; };
		40C60D8C2892971000120C59 /* TBCStatusBarNotification.h in Headers */ = {isa = PBXBuildFile; fileRef = 40C60D582892971000120C59 /* TBCStatusBarNotification.h */; };
		40C60D8D2892971000120C59 /* TBCUntil.m in Sources */ = {isa = PBXBuildFile; fileRef = 40C60D592892971000120C59 /* TBCUntil.m */; };
		40C60D8E2892971000120C59 /* CacheTool.h in Headers */ = {isa = PBXBuildFile; fileRef = 40C60D5A2892971000120C59 /* CacheTool.h */; };
		40C60D8F2892971000120C59 /* TBCUntil.h in Headers */ = {isa = PBXBuildFile; fileRef = 40C60D5B2892971000120C59 /* TBCUntil.h */; };
		40C60D902892971000120C59 /* TBCStatusBarNotification.m in Sources */ = {isa = PBXBuildFile; fileRef = 40C60D5C2892971000120C59 /* TBCStatusBarNotification.m */; };
		40C60D912892971000120C59 /* MBTimerSchedules.m in Sources */ = {isa = PBXBuildFile; fileRef = 40C60D5D2892971000120C59 /* MBTimerSchedules.m */; };
		40C60D922892971000120C59 /* CacheTool.m in Sources */ = {isa = PBXBuildFile; fileRef = 40C60D5E2892971000120C59 /* CacheTool.m */; };
		40C60D932892971000120C59 /* TBCMarqueeLabel.h in Headers */ = {isa = PBXBuildFile; fileRef = 40C60D602892971000120C59 /* TBCMarqueeLabel.h */; };
		40C60D942892971000120C59 /* TBCPlaceholderTextView.h in Headers */ = {isa = PBXBuildFile; fileRef = 40C60D612892971000120C59 /* TBCPlaceholderTextView.h */; };
		40C60D952892971000120C59 /* JLKeyboardView.m in Sources */ = {isa = PBXBuildFile; fileRef = 40C60D632892971000120C59 /* JLKeyboardView.m */; };
		40C60D962892971000120C59 /* JLTextField.h in Headers */ = {isa = PBXBuildFile; fileRef = 40C60D642892971000120C59 /* JLTextField.h */; };
		40C60D972892971000120C59 /* JLTextField.m in Sources */ = {isa = PBXBuildFile; fileRef = 40C60D652892971000120C59 /* JLTextField.m */; };
		40C60D982892971000120C59 /* JLKeyboardView.h in Headers */ = {isa = PBXBuildFile; fileRef = 40C60D662892971000120C59 /* JLKeyboardView.h */; };
		40C60D992892971000120C59 /* TBCMarqueeLabel.m in Sources */ = {isa = PBXBuildFile; fileRef = 40C60D672892971000120C59 /* TBCMarqueeLabel.m */; };
		40C60D9A2892971000120C59 /* TBCNavigationController.h in Headers */ = {isa = PBXBuildFile; fileRef = 40C60D692892971000120C59 /* TBCNavigationController.h */; };
		40C60D9B2892971000120C59 /* TBCNavigationBar.m in Sources */ = {isa = PBXBuildFile; fileRef = 40C60D6A2892971000120C59 /* TBCNavigationBar.m */; };
		40C60D9C2892971000120C59 /* UIViewController+TBC.h in Headers */ = {isa = PBXBuildFile; fileRef = 40C60D6B2892971000120C59 /* UIViewController+TBC.h */; };
		40C60D9D2892971000120C59 /* TBCNavigationController.m in Sources */ = {isa = PBXBuildFile; fileRef = 40C60D6C2892971000120C59 /* TBCNavigationController.m */; };
		40C60D9E2892971000120C59 /* UIViewController+TBC.m in Sources */ = {isa = PBXBuildFile; fileRef = 40C60D6D2892971000120C59 /* UIViewController+TBC.m */; };
		40C60D9F2892971000120C59 /* TBCNavigationBar.h in Headers */ = {isa = PBXBuildFile; fileRef = 40C60D6E2892971000120C59 /* TBCNavigationBar.h */; };
		40C60DA02892971000120C59 /* SYNoticeBrowseLabel.m in Sources */ = {isa = PBXBuildFile; fileRef = 40C60D702892971000120C59 /* SYNoticeBrowseLabel.m */; };
		40C60DA12892971000120C59 /* SYNoticeBrowseLabel.h in Headers */ = {isa = PBXBuildFile; fileRef = 40C60D712892971000120C59 /* SYNoticeBrowseLabel.h */; };
		40C60DA22892971000120C59 /* TBCPlaceholderTextView.m in Sources */ = {isa = PBXBuildFile; fileRef = 40C60D722892971000120C59 /* TBCPlaceholderTextView.m */; };
/* End PBXBuildFile section */

/* Begin PBXFileReference section */
		40C60CB92892366300120C59 /* TabacoKit.framework */ = {isa = PBXFileReference; explicitFileType = wrapper.framework; includeInIndex = 0; path = TabacoKit.framework; sourceTree = BUILT_PRODUCTS_DIR; };
		40C60CBC2892366300120C59 /* TabacoKit.h */ = {isa = PBXFileReference; lastKnownFileType = sourcecode.c.h; path = TabacoKit.h; sourceTree = "<group>"; };
		40C60CBD2892366300120C59 /* TabacoKit.docc */ = {isa = PBXFileReference; lastKnownFileType = folder.documentationcatalog; path = TabacoKit.docc; sourceTree = "<group>"; };
		40C60CDD289259B600120C59 /* TBCdefines.h */ = {isa = PBXFileReference; lastKnownFileType = sourcecode.c.h; path = TBCdefines.h; sourceTree = "<group>"; };
		40C60CDE28925A1A00120C59 /* TBCColorMarcos.h */ = {isa = PBXFileReference; lastKnownFileType = sourcecode.c.h; path = TBCColorMarcos.h; sourceTree = "<group>"; };
		40C60D3B2892970500120C59 /* TBCFileCombines.h */ = {isa = PBXFileReference; fileEncoding = 4; lastKnownFileType = sourcecode.c.h; path = TBCFileCombines.h; sourceTree = "<group>"; };
		40C60D3E2892971000120C59 /* UITableView+SectionPath.h */ = {isa = PBXFileReference; fileEncoding = 4; lastKnownFileType = sourcecode.c.h; path = "UITableView+SectionPath.h"; sourceTree = "<group>"; };
		40C60D3F2892971000120C59 /* UITextView+InputEmoji.m */ = {isa = PBXFileReference; fileEncoding = 4; lastKnownFileType = sourcecode.c.objc; path = "UITextView+InputEmoji.m"; sourceTree = "<group>"; };
		40C60D402892971000120C59 /* UIButton+CountDown.m */ = {isa = PBXFileReference; fileEncoding = 4; lastKnownFileType = sourcecode.c.objc; path = "UIButton+CountDown.m"; sourceTree = "<group>"; };
		40C60D412892971000120C59 /* UIColor+HexColor.m */ = {isa = PBXFileReference; fileEncoding = 4; lastKnownFileType = sourcecode.c.objc; path = "UIColor+HexColor.m"; sourceTree = "<group>"; };
		40C60D422892971000120C59 /* UIImage+Color.h */ = {isa = PBXFileReference; fileEncoding = 4; lastKnownFileType = sourcecode.c.h; path = "UIImage+Color.h"; sourceTree = "<group>"; };
		40C60D432892971000120C59 /* NSObject+Alert.h */ = {isa = PBXFileReference; fileEncoding = 4; lastKnownFileType = sourcecode.c.h; path = "NSObject+Alert.h"; sourceTree = "<group>"; };
		40C60D442892971000120C59 /* UILabel+LabelTool.m */ = {isa = PBXFileReference; fileEncoding = 4; lastKnownFileType = sourcecode.c.objc; path = "UILabel+LabelTool.m"; sourceTree = "<group>"; };
		40C60D452892971000120C59 /* UIViewController+Cate.m */ = {isa = PBXFileReference; fileEncoding = 4; lastKnownFileType = sourcecode.c.objc; path = "UIViewController+Cate.m"; sourceTree = "<group>"; };
		40C60D462892971000120C59 /* NSData+PCM.h */ = {isa = PBXFileReference; fileEncoding = 4; lastKnownFileType = sourcecode.c.h; path = "NSData+PCM.h"; sourceTree = "<group>"; };
		40C60D472892971000120C59 /* NSString+StringTool.m */ = {isa = PBXFileReference; fileEncoding = 4; lastKnownFileType = sourcecode.c.objc; path = "NSString+StringTool.m"; sourceTree = "<group>"; };
		40C60D482892971000120C59 /* UIView+Shadow.m */ = {isa = PBXFileReference; fileEncoding = 4; lastKnownFileType = sourcecode.c.objc; path = "UIView+Shadow.m"; sourceTree = "<group>"; };
		40C60D492892971000120C59 /* UICollectionView+CollTool.m */ = {isa = PBXFileReference; fileEncoding = 4; lastKnownFileType = sourcecode.c.objc; path = "UICollectionView+CollTool.m"; sourceTree = "<group>"; };
		40C60D4A2892971000120C59 /* UITextView+InputEmoji.h */ = {isa = PBXFileReference; fileEncoding = 4; lastKnownFileType = sourcecode.c.h; path = "UITextView+InputEmoji.h"; sourceTree = "<group>"; };
		40C60D4B2892971000120C59 /* UITableView+SectionPath.m */ = {isa = PBXFileReference; fileEncoding = 4; lastKnownFileType = sourcecode.c.objc; path = "UITableView+SectionPath.m"; sourceTree = "<group>"; };
		40C60D4C2892971000120C59 /* UIButton+CountDown.h */ = {isa = PBXFileReference; fileEncoding = 4; lastKnownFileType = sourcecode.c.h; path = "UIButton+CountDown.h"; sourceTree = "<group>"; };
		40C60D4D2892971000120C59 /* NSData+PCM.m */ = {isa = PBXFileReference; fileEncoding = 4; lastKnownFileType = sourcecode.c.objc; path = "NSData+PCM.m"; sourceTree = "<group>"; };
		40C60D4E2892971000120C59 /* UIViewController+Cate.h */ = {isa = PBXFileReference; fileEncoding = 4; lastKnownFileType = sourcecode.c.h; path = "UIViewController+Cate.h"; sourceTree = "<group>"; };
		40C60D4F2892971000120C59 /* UILabel+LabelTool.h */ = {isa = PBXFileReference; fileEncoding = 4; lastKnownFileType = sourcecode.c.h; path = "UILabel+LabelTool.h"; sourceTree = "<group>"; };
		40C60D502892971000120C59 /* NSObject+Alert.m */ = {isa = PBXFileReference; fileEncoding = 4; lastKnownFileType = sourcecode.c.objc; path = "NSObject+Alert.m"; sourceTree = "<group>"; };
		40C60D512892971000120C59 /* UIImage+Color.m */ = {isa = PBXFileReference; fileEncoding = 4; lastKnownFileType = sourcecode.c.objc; path = "UIImage+Color.m"; sourceTree = "<group>"; };
		40C60D522892971000120C59 /* UIColor+HexColor.h */ = {isa = PBXFileReference; fileEncoding = 4; lastKnownFileType = sourcecode.c.h; path = "UIColor+HexColor.h"; sourceTree = "<group>"; };
		40C60D532892971000120C59 /* UICollectionView+CollTool.h */ = {isa = PBXFileReference; fileEncoding = 4; lastKnownFileType = sourcecode.c.h; path = "UICollectionView+CollTool.h"; sourceTree = "<group>"; };
		40C60D542892971000120C59 /* NSString+StringTool.h */ = {isa = PBXFileReference; fileEncoding = 4; lastKnownFileType = sourcecode.c.h; path = "NSString+StringTool.h"; sourceTree = "<group>"; };
		40C60D552892971000120C59 /* UIView+Shadow.h */ = {isa = PBXFileReference; fileEncoding = 4; lastKnownFileType = sourcecode.c.h; path = "UIView+Shadow.h"; sourceTree = "<group>"; };
		40C60D572892971000120C59 /* MBTimerSchedules.h */ = {isa = PBXFileReference; fileEncoding = 4; lastKnownFileType = sourcecode.c.h; path = MBTimerSchedules.h; sourceTree = "<group>"; };
		40C60D582892971000120C59 /* TBCStatusBarNotification.h */ = {isa = PBXFileReference; fileEncoding = 4; lastKnownFileType = sourcecode.c.h; path = TBCStatusBarNotification.h; sourceTree = "<group>"; };
		40C60D592892971000120C59 /* TBCUntil.m */ = {isa = PBXFileReference; fileEncoding = 4; lastKnownFileType = sourcecode.c.objc; path = TBCUntil.m; sourceTree = "<group>"; };
		40C60D5A2892971000120C59 /* CacheTool.h */ = {isa = PBXFileReference; fileEncoding = 4; lastKnownFileType = sourcecode.c.h; path = CacheTool.h; sourceTree = "<group>"; };
		40C60D5B2892971000120C59 /* TBCUntil.h */ = {isa = PBXFileReference; fileEncoding = 4; lastKnownFileType = sourcecode.c.h; path = TBCUntil.h; sourceTree = "<group>"; };
		40C60D5C2892971000120C59 /* TBCStatusBarNotification.m */ = {isa = PBXFileReference; fileEncoding = 4; lastKnownFileType = sourcecode.c.objc; path = TBCStatusBarNotification.m; sourceTree = "<group>"; };
		40C60D5D2892971000120C59 /* MBTimerSchedules.m */ = {isa = PBXFileReference; fileEncoding = 4; lastKnownFileType = sourcecode.c.objc; path = MBTimerSchedules.m; sourceTree = "<group>"; };
		40C60D5E2892971000120C59 /* CacheTool.m */ = {isa = PBXFileReference; fileEncoding = 4; lastKnownFileType = sourcecode.c.objc; path = CacheTool.m; sourceTree = "<group>"; };
		40C60D602892971000120C59 /* TBCMarqueeLabel.h */ = {isa = PBXFileReference; fileEncoding = 4; lastKnownFileType = sourcecode.c.h; path = TBCMarqueeLabel.h; sourceTree = "<group>"; };
		40C60D612892971000120C59 /* TBCPlaceholderTextView.h */ = {isa = PBXFileReference; fileEncoding = 4; lastKnownFileType = sourcecode.c.h; path = TBCPlaceholderTextView.h; sourceTree = "<group>"; };
		40C60D632892971000120C59 /* JLKeyboardView.m */ = {isa = PBXFileReference; fileEncoding = 4; lastKnownFileType = sourcecode.c.objc; path = JLKeyboardView.m; sourceTree = "<group>"; };
		40C60D642892971000120C59 /* JLTextField.h */ = {isa = PBXFileReference; fileEncoding = 4; lastKnownFileType = sourcecode.c.h; path = JLTextField.h; sourceTree = "<group>"; };
		40C60D652892971000120C59 /* JLTextField.m */ = {isa = PBXFileReference; fileEncoding = 4; lastKnownFileType = sourcecode.c.objc; path = JLTextField.m; sourceTree = "<group>"; };
		40C60D662892971000120C59 /* JLKeyboardView.h */ = {isa = PBXFileReference; fileEncoding = 4; lastKnownFileType = sourcecode.c.h; path = JLKeyboardView.h; sourceTree = "<group>"; };
		40C60D672892971000120C59 /* TBCMarqueeLabel.m */ = {isa = PBXFileReference; fileEncoding = 4; lastKnownFileType = sourcecode.c.objc; path = TBCMarqueeLabel.m; sourceTree = "<group>"; };
		40C60D692892971000120C59 /* TBCNavigationController.h */ = {isa = PBXFileReference; fileEncoding = 4; lastKnownFileType = sourcecode.c.h; path = TBCNavigationController.h; sourceTree = "<group>"; };
		40C60D6A2892971000120C59 /* TBCNavigationBar.m */ = {isa = PBXFileReference; fileEncoding = 4; lastKnownFileType = sourcecode.c.objc; path = TBCNavigationBar.m; sourceTree = "<group>"; };
		40C60D6B2892971000120C59 /* UIViewController+TBC.h */ = {isa = PBXFileReference; fileEncoding = 4; lastKnownFileType = sourcecode.c.h; path = "UIViewController+TBC.h"; sourceTree = "<group>"; };
		40C60D6C2892971000120C59 /* TBCNavigationController.m */ = {isa = PBXFileReference; fileEncoding = 4; lastKnownFileType = sourcecode.c.objc; path = TBCNavigationController.m; sourceTree = "<group>"; };
		40C60D6D2892971000120C59 /* UIViewController+TBC.m */ = {isa = PBXFileReference; fileEncoding = 4; lastKnownFileType = sourcecode.c.objc; path = "UIViewController+TBC.m"; sourceTree = "<group>"; };
		40C60D6E2892971000120C59 /* TBCNavigationBar.h */ = {isa = PBXFileReference; fileEncoding = 4; lastKnownFileType = sourcecode.c.h; path = TBCNavigationBar.h; sourceTree = "<group>"; };
		40C60D702892971000120C59 /* SYNoticeBrowseLabel.m */ = {isa = PBXFileReference; fileEncoding = 4; lastKnownFileType = sourcecode.c.objc; path = SYNoticeBrowseLabel.m; sourceTree = "<group>"; };
		40C60D712892971000120C59 /* SYNoticeBrowseLabel.h */ = {isa = PBXFileReference; fileEncoding = 4; lastKnownFileType = sourcecode.c.h; path = SYNoticeBrowseLabel.h; sourceTree = "<group>"; };
		40C60D722892971000120C59 /* TBCPlaceholderTextView.m */ = {isa = PBXFileReference; fileEncoding = 4; lastKnownFileType = sourcecode.c.objc; path = TBCPlaceholderTextView.m; sourceTree = "<group>"; };
/* End PBXFileReference section */

/* Begin PBXFrameworksBuildPhase section */
		40C60CB62892366300120C59 /* Frameworks */ = {
			isa = PBXFrameworksBuildPhase;
			buildActionMask = 2147483647;
			files = (
			);
			runOnlyForDeploymentPostprocessing = 0;
		};
/* End PBXFrameworksBuildPhase section */

/* Begin PBXGroup section */
		40C60CAF2892366200120C59 = {
			isa = PBXGroup;
			children = (
				40C60CBB2892366300120C59 /* TabacoKit */,
				40C60CBA2892366300120C59 /* Products */,
			);
			sourceTree = "<group>";
		};
		40C60CBA2892366300120C59 /* Products */ = {
			isa = PBXGroup;
			children = (
				40C60CB92892366300120C59 /* TabacoKit.framework */,
			);
			name = Products;
			sourceTree = "<group>";
		};
		40C60CBB2892366300120C59 /* TabacoKit */ = {
			isa = PBXGroup;
			children = (
				40C60CBC2892366300120C59 /* TabacoKit.h */,
				40C60CDD289259B600120C59 /* TBCdefines.h */,
				40C60D3B2892970500120C59 /* TBCFileCombines.h */,
				40C60CDE28925A1A00120C59 /* TBCColorMarcos.h */,
				40C60D3D2892971000120C59 /* Category */,
				40C60D562892971000120C59 /* Tool */,
				40C60D5F2892971000120C59 /* View */,
				40C60CBD2892366300120C59 /* TabacoKit.docc */,
			);
			path = TabacoKit;
			sourceTree = "<group>";
		};
		40C60D3D2892971000120C59 /* Category */ = {
			isa = PBXGroup;
			children = (
				40C60D3E2892971000120C59 /* UITableView+SectionPath.h */,
				40C60D3F2892971000120C59 /* UITextView+InputEmoji.m */,
				40C60D402892971000120C59 /* UIButton+CountDown.m */,
				40C60D412892971000120C59 /* UIColor+HexColor.m */,
				40C60D422892971000120C59 /* UIImage+Color.h */,
				40C60D432892971000120C59 /* NSObject+Alert.h */,
				40C60D442892971000120C59 /* UILabel+LabelTool.m */,
				40C60D452892971000120C59 /* UIViewController+Cate.m */,
				40C60D462892971000120C59 /* NSData+PCM.h */,
				40C60D472892971000120C59 /* NSString+StringTool.m */,
				40C60D482892971000120C59 /* UIView+Shadow.m */,
				40C60D492892971000120C59 /* UICollectionView+CollTool.m */,
				40C60D4A2892971000120C59 /* UITextView+InputEmoji.h */,
				40C60D4B2892971000120C59 /* UITableView+SectionPath.m */,
				40C60D4C2892971000120C59 /* UIButton+CountDown.h */,
				40C60D4D2892971000120C59 /* NSData+PCM.m */,
				40C60D4E2892971000120C59 /* UIViewController+Cate.h */,
				40C60D4F2892971000120C59 /* UILabel+LabelTool.h */,
				40C60D502892971000120C59 /* NSObject+Alert.m */,
				40C60D512892971000120C59 /* UIImage+Color.m */,
				40C60D522892971000120C59 /* UIColor+HexColor.h */,
				40C60D532892971000120C59 /* UICollectionView+CollTool.h */,
				40C60D542892971000120C59 /* NSString+StringTool.h */,
				40C60D552892971000120C59 /* UIView+Shadow.h */,
			);
			path = Category;
			sourceTree = "<group>";
		};
		40C60D562892971000120C59 /* Tool */ = {
			isa = PBXGroup;
			children = (
				40C60D572892971000120C59 /* MBTimerSchedules.h */,
				40C60D582892971000120C59 /* TBCStatusBarNotification.h */,
				40C60D592892971000120C59 /* TBCUntil.m */,
				40C60D5A2892971000120C59 /* CacheTool.h */,
				40C60D5B2892971000120C59 /* TBCUntil.h */,
				40C60D5C2892971000120C59 /* TBCStatusBarNotification.m */,
				40C60D5D2892971000120C59 /* MBTimerSchedules.m */,
				40C60D5E2892971000120C59 /* CacheTool.m */,
			);
			path = Tool;
			sourceTree = "<group>";
		};
		40C60D5F2892971000120C59 /* View */ = {
			isa = PBXGroup;
			children = (
				40C60D602892971000120C59 /* TBCMarqueeLabel.h */,
				40C60D672892971000120C59 /* TBCMarqueeLabel.m */,
				40C60D612892971000120C59 /* TBCPlaceholderTextView.h */,
				40C60D722892971000120C59 /* TBCPlaceholderTextView.m */,
				40C60D622892971000120C59 /* LettersKeyboard */,
				40C60D682892971000120C59 /* Nav */,
				40C60D6F2892971000120C59 /* NoticeLabel */,
			);
			path = View;
			sourceTree = "<group>";
		};
		40C60D622892971000120C59 /* LettersKeyboard */ = {
			isa = PBXGroup;
			children = (
				40C60D642892971000120C59 /* JLTextField.h */,
				40C60D652892971000120C59 /* JLTextField.m */,
				40C60D662892971000120C59 /* JLKeyboardView.h */,
				40C60D632892971000120C59 /* JLKeyboardView.m */,
			);
			path = LettersKeyboard;
			sourceTree = "<group>";
		};
		40C60D682892971000120C59 /* Nav */ = {
			isa = PBXGroup;
			children = (
				40C60D692892971000120C59 /* TBCNavigationController.h */,
				40C60D6A2892971000120C59 /* TBCNavigationBar.m */,
				40C60D6B2892971000120C59 /* UIViewController+TBC.h */,
				40C60D6C2892971000120C59 /* TBCNavigationController.m */,
				40C60D6D2892971000120C59 /* UIViewController+TBC.m */,
				40C60D6E2892971000120C59 /* TBCNavigationBar.h */,
			);
			path = Nav;
			sourceTree = "<group>";
		};
		40C60D6F2892971000120C59 /* NoticeLabel */ = {
			isa = PBXGroup;
			children = (
				40C60D702892971000120C59 /* SYNoticeBrowseLabel.m */,
				40C60D712892971000120C59 /* SYNoticeBrowseLabel.h */,
			);
			path = NoticeLabel;
			sourceTree = "<group>";
		};
/* End PBXGroup section */

/* Begin PBXHeadersBuildPhase section */
		40C60CB42892366300120C59 /* Headers */ = {
			isa = PBXHeadersBuildPhase;
			buildActionMask = 2147483647;
			files = (
				40C60D842892971000120C59 /* UILabel+LabelTool.h in Headers */,
				40C60D882892971000120C59 /* UICollectionView+CollTool.h in Headers */,
				40C60D892892971000120C59 /* NSString+StringTool.h in Headers */,
				40C60D8F2892971000120C59 /* TBCUntil.h in Headers */,
				40C60D982892971000120C59 /* JLKeyboardView.h in Headers */,
				40C60D812892971000120C59 /* UIButton+CountDown.h in Headers */,
				40C60D772892971000120C59 /* UIImage+Color.h in Headers */,
				40C60D9F2892971000120C59 /* TBCNavigationBar.h in Headers */,
				40C60D782892971000120C59 /* NSObject+Alert.h in Headers */,
				40C60D7B2892971000120C59 /* NSData+PCM.h in Headers */,
				40C60D7F2892971000120C59 /* UITextView+InputEmoji.h in Headers */,
				40C60D932892971000120C59 /* TBCMarqueeLabel.h in Headers */,
				40C60D962892971000120C59 /* JLTextField.h in Headers */,
				40C60D3C2892970500120C59 /* TBCFileCombines.h in Headers */,
				40C60D9C2892971000120C59 /* UIViewController+TBC.h in Headers */,
				40C60D8C2892971000120C59 /* TBCStatusBarNotification.h in Headers */,
				40C60D8B2892971000120C59 /* MBTimerSchedules.h in Headers */,
				40C60D8A2892971000120C59 /* UIView+Shadow.h in Headers */,
				40C60D832892971000120C59 /* UIViewController+Cate.h in Headers */,
				40C60D872892971000120C59 /* UIColor+HexColor.h in Headers */,
				40C60D732892971000120C59 /* UITableView+SectionPath.h in Headers */,
				40C60DA12892971000120C59 /* SYNoticeBrowseLabel.h in Headers */,
				40C60CBF2892366300120C59 /* TabacoKit.h in Headers */,
				40C60D9A2892971000120C59 /* TBCNavigationController.h in Headers */,
				40C60D942892971000120C59 /* TBCPlaceholderTextView.h in Headers */,
				40C60D8E2892971000120C59 /* CacheTool.h in Headers */,
			);
			runOnlyForDeploymentPostprocessing = 0;
		};
/* End PBXHeadersBuildPhase section */

/* Begin PBXNativeTarget section */
		40C60CB82892366300120C59 /* TabacoKit */ = {
			isa = PBXNativeTarget;
			buildConfigurationList = 40C60CC22892366300120C59 /* Build configuration list for PBXNativeTarget "TabacoKit" */;
			buildPhases = (
				40C60CB42892366300120C59 /* Headers */,
				40C60CB52892366300120C59 /* Sources */,
				40C60CB62892366300120C59 /* Frameworks */,
				40C60CB72892366300120C59 /* Resources */,
			);
			buildRules = (
			);
			dependencies = (
			);
			name = TabacoKit;
			productName = TabacoKit;
			productReference = 40C60CB92892366300120C59 /* TabacoKit.framework */;
			productType = "com.apple.product-type.framework";
		};
/* End PBXNativeTarget section */

/* Begin PBXProject section */
		40C60CB02892366200120C59 /* Project object */ = {
			isa = PBXProject;
			attributes = {
				BuildIndependentTargetsInParallel = 1;
				LastUpgradeCheck = 1340;
				TargetAttributes = {
					40C60CB82892366300120C59 = {
						CreatedOnToolsVersion = 13.4.1;
					};
				};
			};
			buildConfigurationList = 40C60CB32892366200120C59 /* Build configuration list for PBXProject "TabacoKit" */;
			compatibilityVersion = "Xcode 13.0";
			developmentRegion = en;
			hasScannedForEncodings = 0;
			knownRegions = (
				en,
				Base,
			);
			mainGroup = 40C60CAF2892366200120C59;
			productRefGroup = 40C60CBA2892366300120C59 /* Products */;
			projectDirPath = "";
			projectRoot = "";
			targets = (
				40C60CB82892366300120C59 /* TabacoKit */,
			);
		};
/* End PBXProject section */

/* Begin PBXResourcesBuildPhase section */
		40C60CB72892366300120C59 /* Resources */ = {
			isa = PBXResourcesBuildPhase;
			buildActionMask = 2147483647;
			files = (
			);
			runOnlyForDeploymentPostprocessing = 0;
		};
/* End PBXResourcesBuildPhase section */

/* Begin PBXSourcesBuildPhase section */
		40C60CB52892366300120C59 /* Sources */ = {
			isa = PBXSourcesBuildPhase;
			buildActionMask = 2147483647;
			files = (
				40C60DA02892971000120C59 /* SYNoticeBrowseLabel.m in Sources */,
				40C60D792892971000120C59 /* UILabel+LabelTool.m in Sources */,
				40C60D9D2892971000120C59 /* TBCNavigationController.m in Sources */,
				40C60DA22892971000120C59 /* TBCPlaceholderTextView.m in Sources */,
				40C60D992892971000120C59 /* TBCMarqueeLabel.m in Sources */,
				40C60D9E2892971000120C59 /* UIViewController+TBC.m in Sources */,
				40C60D822892971000120C59 /* NSData+PCM.m in Sources */,
				40C60D852892971000120C59 /* NSObject+Alert.m in Sources */,
				40C60D7E2892971000120C59 /* UICollectionView+CollTool.m in Sources */,
				40C60CBE2892366300120C59 /* TabacoKit.docc in Sources */,
				40C60D762892971000120C59 /* UIColor+HexColor.m in Sources */,
				40C60D7A2892971000120C59 /* UIViewController+Cate.m in Sources */,
				40C60D7D2892971000120C59 /* UIView+Shadow.m in Sources */,
				40C60D8D2892971000120C59 /* TBCUntil.m in Sources */,
				40C60D9B2892971000120C59 /* TBCNavigationBar.m in Sources */,
				40C60D972892971000120C59 /* JLTextField.m in Sources */,
				40C60D7C2892971000120C59 /* NSString+StringTool.m in Sources */,
				40C60D922892971000120C59 /* CacheTool.m in Sources */,
				40C60D742892971000120C59 /* UITextView+InputEmoji.m in Sources */,
				40C60D802892971000120C59 /* UITableView+SectionPath.m in Sources */,
				40C60D902892971000120C59 /* TBCStatusBarNotification.m in Sources */,
				40C60D912892971000120C59 /* MBTimerSchedules.m in Sources */,
				40C60D752892971000120C59 /* UIButton+CountDown.m in Sources */,
				40C60D862892971000120C59 /* UIImage+Color.m in Sources */,
				40C60D952892971000120C59 /* JLKeyboardView.m in Sources */,
			);
			runOnlyForDeploymentPostprocessing = 0;
		};
/* End PBXSourcesBuildPhase section */

/* Begin XCBuildConfiguration section */
		40C60CC02892366300120C59 /* Debug */ = {
			isa = XCBuildConfiguration;
			buildSettings = {
				ALWAYS_SEARCH_USER_PATHS = NO;
				CLANG_ANALYZER_NONNULL = YES;
				CLANG_ANALYZER_NUMBER_OBJECT_CONVERSION = YES_AGGRESSIVE;
				CLANG_CXX_LANGUAGE_STANDARD = "gnu++17";
				CLANG_ENABLE_MODULES = YES;
				CLANG_ENABLE_OBJC_ARC = YES;
				CLANG_ENABLE_OBJC_WEAK = YES;
				CLANG_WARN_BLOCK_CAPTURE_AUTORELEASING = YES;
				CLANG_WARN_BOOL_CONVERSION = YES;
				CLANG_WARN_COMMA = YES;
				CLANG_WARN_CONSTANT_CONVERSION = YES;
				CLANG_WARN_DEPRECATED_OBJC_IMPLEMENTATIONS = YES;
				CLANG_WARN_DIRECT_OBJC_ISA_USAGE = YES_ERROR;
				CLANG_WARN_DOCUMENTATION_COMMENTS = YES;
				CLANG_WARN_EMPTY_BODY = YES;
				CLANG_WARN_ENUM_CONVERSION = YES;
				CLANG_WARN_INFINITE_RECURSION = YES;
				CLANG_WARN_INT_CONVERSION = YES;
				CLANG_WARN_NON_LITERAL_NULL_CONVERSION = YES;
				CLANG_WARN_OBJC_IMPLICIT_RETAIN_SELF = YES;
				CLANG_WARN_OBJC_LITERAL_CONVERSION = YES;
				CLANG_WARN_OBJC_ROOT_CLASS = YES_ERROR;
				CLANG_WARN_QUOTED_INCLUDE_IN_FRAMEWORK_HEADER = YES;
				CLANG_WARN_RANGE_LOOP_ANALYSIS = YES;
				CLANG_WARN_STRICT_PROTOTYPES = YES;
				CLANG_WARN_SUSPICIOUS_MOVE = YES;
				CLANG_WARN_UNGUARDED_AVAILABILITY = YES_AGGRESSIVE;
				CLANG_WARN_UNREACHABLE_CODE = YES;
				CLANG_WARN__DUPLICATE_METHOD_MATCH = YES;
				COPY_PHASE_STRIP = NO;
				CURRENT_PROJECT_VERSION = 1;
				DEBUG_INFORMATION_FORMAT = dwarf;
				ENABLE_STRICT_OBJC_MSGSEND = YES;
				ENABLE_TESTABILITY = YES;
				GCC_C_LANGUAGE_STANDARD = gnu11;
				GCC_DYNAMIC_NO_PIC = NO;
				GCC_NO_COMMON_BLOCKS = YES;
				GCC_OPTIMIZATION_LEVEL = 0;
				GCC_PREPROCESSOR_DEFINITIONS = (
					"DEBUG=1",
					"$(inherited)",
				);
				GCC_WARN_64_TO_32_BIT_CONVERSION = YES;
				GCC_WARN_ABOUT_RETURN_TYPE = YES_ERROR;
				GCC_WARN_UNDECLARED_SELECTOR = YES;
				GCC_WARN_UNINITIALIZED_AUTOS = YES_AGGRESSIVE;
				GCC_WARN_UNUSED_FUNCTION = YES;
				GCC_WARN_UNUSED_VARIABLE = YES;
				IPHONEOS_DEPLOYMENT_TARGET = 15.5;
				MTL_ENABLE_DEBUG_INFO = INCLUDE_SOURCE;
				MTL_FAST_MATH = YES;
				ONLY_ACTIVE_ARCH = YES;
				SDKROOT = iphoneos;
				VERSIONING_SYSTEM = "apple-generic";
				VERSION_INFO_PREFIX = "";
			};
			name = Debug;
		};
		40C60CC12892366300120C59 /* Release */ = {
			isa = XCBuildConfiguration;
			buildSettings = {
				ALWAYS_SEARCH_USER_PATHS = NO;
				CLANG_ANALYZER_NONNULL = YES;
				CLANG_ANALYZER_NUMBER_OBJECT_CONVERSION = YES_AGGRESSIVE;
				CLANG_CXX_LANGUAGE_STANDARD = "gnu++17";
				CLANG_ENABLE_MODULES = YES;
				CLANG_ENABLE_OBJC_ARC = YES;
				CLANG_ENABLE_OBJC_WEAK = YES;
				CLANG_WARN_BLOCK_CAPTURE_AUTORELEASING = YES;
				CLANG_WARN_BOOL_CONVERSION = YES;
				CLANG_WARN_COMMA = YES;
				CLANG_WARN_CONSTANT_CONVERSION = YES;
				CLANG_WARN_DEPRECATED_OBJC_IMPLEMENTATIONS = YES;
				CLANG_WARN_DIRECT_OBJC_ISA_USAGE = YES_ERROR;
				CLANG_WARN_DOCUMENTATION_COMMENTS = YES;
				CLANG_WARN_EMPTY_BODY = YES;
				CLANG_WARN_ENUM_CONVERSION = YES;
				CLANG_WARN_INFINITE_RECURSION = YES;
				CLANG_WARN_INT_CONVERSION = YES;
				CLANG_WARN_NON_LITERAL_NULL_CONVERSION = YES;
				CLANG_WARN_OBJC_IMPLICIT_RETAIN_SELF = YES;
				CLANG_WARN_OBJC_LITERAL_CONVERSION = YES;
				CLANG_WARN_OBJC_ROOT_CLASS = YES_ERROR;
				CLANG_WARN_QUOTED_INCLUDE_IN_FRAMEWORK_HEADER = YES;
				CLANG_WARN_RANGE_LOOP_ANALYSIS = YES;
				CLANG_WARN_STRICT_PROTOTYPES = YES;
				CLANG_WARN_SUSPICIOUS_MOVE = YES;
				CLANG_WARN_UNGUARDED_AVAILABILITY = YES_AGGRESSIVE;
				CLANG_WARN_UNREACHABLE_CODE = YES;
				CLANG_WARN__DUPLICATE_METHOD_MATCH = YES;
				COPY_PHASE_STRIP = NO;
				CURRENT_PROJECT_VERSION = 1;
				DEBUG_INFORMATION_FORMAT = "dwarf-with-dsym";
				ENABLE_NS_ASSERTIONS = NO;
				ENABLE_STRICT_OBJC_MSGSEND = YES;
				GCC_C_LANGUAGE_STANDARD = gnu11;
				GCC_NO_COMMON_BLOCKS = YES;
				GCC_WARN_64_TO_32_BIT_CONVERSION = YES;
				GCC_WARN_ABOUT_RETURN_TYPE = YES_ERROR;
				GCC_WARN_UNDECLARED_SELECTOR = YES;
				GCC_WARN_UNINITIALIZED_AUTOS = YES_AGGRESSIVE;
				GCC_WARN_UNUSED_FUNCTION = YES;
				GCC_WARN_UNUSED_VARIABLE = YES;
				IPHONEOS_DEPLOYMENT_TARGET = 15.5;
				MTL_ENABLE_DEBUG_INFO = NO;
				MTL_FAST_MATH = YES;
				SDKROOT = iphoneos;
				VALIDATE_PRODUCT = YES;
				VERSIONING_SYSTEM = "apple-generic";
				VERSION_INFO_PREFIX = "";
			};
			name = Release;
		};
		40C60CC32892366300120C59 /* Debug */ = {
			isa = XCBuildConfiguration;
			buildSettings = {
				CODE_SIGN_STYLE = Automatic;
				CURRENT_PROJECT_VERSION = 1;
				DEFINES_MODULE = YES;
				DYLIB_COMPATIBILITY_VERSION = 1;
				DYLIB_CURRENT_VERSION = 1;
				DYLIB_INSTALL_NAME_BASE = "@rpath";
				GENERATE_INFOPLIST_FILE = YES;
				INFOPLIST_KEY_NSHumanReadableCopyright = "";
				INSTALL_PATH = "$(LOCAL_LIBRARY_DIR)/Frameworks";
				LD_RUNPATH_SEARCH_PATHS = (
					"$(inherited)",
					"@executable_path/Frameworks",
					"@loader_path/Frameworks",
				);
				MARKETING_VERSION = 1.0;
				PRODUCT_BUNDLE_IDENTIFIER = com.kkx213.TabacoKit;
				PRODUCT_NAME = "$(TARGET_NAME:c99extidentifier)";
				SKIP_INSTALL = YES;
				SWIFT_EMIT_LOC_STRINGS = YES;
				TARGETED_DEVICE_FAMILY = "1,2";
			};
			name = Debug;
		};
		40C60CC42892366300120C59 /* Release */ = {
			isa = XCBuildConfiguration;
			buildSettings = {
				CODE_SIGN_STYLE = Automatic;
				CURRENT_PROJECT_VERSION = 1;
				DEFINES_MODULE = YES;
				DYLIB_COMPATIBILITY_VERSION = 1;
				DYLIB_CURRENT_VERSION = 1;
				DYLIB_INSTALL_NAME_BASE = "@rpath";
				GENERATE_INFOPLIST_FILE = YES;
				INFOPLIST_KEY_NSHumanReadableCopyright = "";
				INSTALL_PATH = "$(LOCAL_LIBRARY_DIR)/Frameworks";
				LD_RUNPATH_SEARCH_PATHS = (
					"$(inherited)",
					"@executable_path/Frameworks",
					"@loader_path/Frameworks",
				);
				MARKETING_VERSION = 1.0;
				PRODUCT_BUNDLE_IDENTIFIER = com.kkx213.TabacoKit;
				PRODUCT_NAME = "$(TARGET_NAME:c99extidentifier)";
				SKIP_INSTALL = YES;
				SWIFT_EMIT_LOC_STRINGS = YES;
				TARGETED_DEVICE_FAMILY = "1,2";
			};
			name = Release;
		};
/* End XCBuildConfiguration section */

/* Begin XCConfigurationList section */
		40C60CB32892366200120C59 /* Build configuration list for PBXProject "TabacoKit" */ = {
			isa = XCConfigurationList;
			buildConfigurations = (
				40C60CC02892366300120C59 /* Debug */,
				40C60CC12892366300120C59 /* Release */,
			);
			defaultConfigurationIsVisible = 0;
			defaultConfigurationName = Release;
		};
		40C60CC22892366300120C59 /* Build configuration list for PBXNativeTarget "TabacoKit" */ = {
			isa = XCConfigurationList;
			buildConfigurations = (
				40C60CC32892366300120C59 /* Debug */,
				40C60CC42892366300120C59 /* Release */,
			);
			defaultConfigurationIsVisible = 0;
			defaultConfigurationName = Release;
		};
/* End XCConfigurationList section */
	};
	rootObject = 40C60CB02892366200120C59 /* Project object */;
}
